// !$*UTF8*$!
{
	archiveVersion = 1;
	classes = {
	};
	objectVersion = 55;
	objects = {

/* Begin PBXBuildFile section */
		2FC791EAED36C9A0536DC5FE /* Pods_GithubAwesomeRepos.framework in Frameworks */ = {isa = PBXBuildFile; fileRef = E0F1C698CA8FCE29D12A03EA /* Pods_GithubAwesomeRepos.framework */; };
		66DF06C4A9E9F6415CC1AD63 /* Pods_GithubAwesomeReposTests.framework in Frameworks */ = {isa = PBXBuildFile; fileRef = F9285EFC7B056FD8A85B5204 /* Pods_GithubAwesomeReposTests.framework */; };
		E37D4FB6274C020700DC8A6F /* AppDelegate.swift in Sources */ = {isa = PBXBuildFile; fileRef = E37D4FB5274C020700DC8A6F /* AppDelegate.swift */; };
		E37D4FBD274C020700DC8A6F /* Main.storyboard in Resources */ = {isa = PBXBuildFile; fileRef = E37D4FBB274C020700DC8A6F /* Main.storyboard */; };
		E37D4FC0274C020700DC8A6F /* GithubAwesomeRepos.xcdatamodeld in Sources */ = {isa = PBXBuildFile; fileRef = E37D4FBE274C020700DC8A6F /* GithubAwesomeRepos.xcdatamodeld */; };
		E37D4FC2274C020B00DC8A6F /* Assets.xcassets in Resources */ = {isa = PBXBuildFile; fileRef = E37D4FC1274C020B00DC8A6F /* Assets.xcassets */; };
		E37D4FC5274C020B00DC8A6F /* LaunchScreen.storyboard in Resources */ = {isa = PBXBuildFile; fileRef = E37D4FC3274C020B00DC8A6F /* LaunchScreen.storyboard */; };
		E37D4FDA274C020C00DC8A6F /* GithubAwesomeReposUITests.swift in Sources */ = {isa = PBXBuildFile; fileRef = E37D4FD9274C020C00DC8A6F /* GithubAwesomeReposUITests.swift */; };
		E37D4FDC274C020C00DC8A6F /* GithubAwesomeReposUITestsLaunchTests.swift in Sources */ = {isa = PBXBuildFile; fileRef = E37D4FDB274C020C00DC8A6F /* GithubAwesomeReposUITestsLaunchTests.swift */; };
		E37D4FF5274C08F700DC8A6F /* ColorPalette.swift in Sources */ = {isa = PBXBuildFile; fileRef = E37D4FF4274C08F700DC8A6F /* ColorPalette.swift */; };
		E37D4FF9274C091A00DC8A6F /* NetworkManager.swift in Sources */ = {isa = PBXBuildFile; fileRef = E37D4FF8274C091A00DC8A6F /* NetworkManager.swift */; };
		E37D4FFB274C094600DC8A6F /* APIComponent.swift in Sources */ = {isa = PBXBuildFile; fileRef = E37D4FFA274C094600DC8A6F /* APIComponent.swift */; };
		E37D4FFE274C097B00DC8A6F /* APIError.swift in Sources */ = {isa = PBXBuildFile; fileRef = E37D4FFD274C097B00DC8A6F /* APIError.swift */; };
		E37D500C274C09F500DC8A6F /* ImageViewExt.swift in Sources */ = {isa = PBXBuildFile; fileRef = E37D500B274C09F500DC8A6F /* ImageViewExt.swift */; };
		E37D500E274C0A0500DC8A6F /* StringExt.swift in Sources */ = {isa = PBXBuildFile; fileRef = E37D500D274C0A0500DC8A6F /* StringExt.swift */; };
		E37D5010274C0A2700DC8A6F /* TableViewCellExt.swift in Sources */ = {isa = PBXBuildFile; fileRef = E37D500F274C0A2700DC8A6F /* TableViewCellExt.swift */; };
		E37D5012274C0A3900DC8A6F /* UIViewExt.swift in Sources */ = {isa = PBXBuildFile; fileRef = E37D5011274C0A3900DC8A6F /* UIViewExt.swift */; };
		E37D5016274C0FBF00DC8A6F /* NetworkReachability.swift in Sources */ = {isa = PBXBuildFile; fileRef = E37D5015274C0FBF00DC8A6F /* NetworkReachability.swift */; };
		E37D5019274C110D00DC8A6F /* GithubReposAPIComponents.swift in Sources */ = {isa = PBXBuildFile; fileRef = E37D5018274C110D00DC8A6F /* GithubReposAPIComponents.swift */; };
		E37D501B274C127500DC8A6F /* APIEnvironmentManager.swift in Sources */ = {isa = PBXBuildFile; fileRef = E37D501A274C127500DC8A6F /* APIEnvironmentManager.swift */; };
		E37D501E274C196400DC8A6F /* GithubRepoModel.swift in Sources */ = {isa = PBXBuildFile; fileRef = E37D501D274C196400DC8A6F /* GithubRepoModel.swift */; };
		E37D5020274C198900DC8A6F /* GithubOwnerModel.swift in Sources */ = {isa = PBXBuildFile; fileRef = E37D501F274C198900DC8A6F /* GithubOwnerModel.swift */; };
		E37D5023274C1A2E00DC8A6F /* GithubReposUsecaseProtocol.swift in Sources */ = {isa = PBXBuildFile; fileRef = E37D5022274C1A2E00DC8A6F /* GithubReposUsecaseProtocol.swift */; };
		E37D5026274C1B0600DC8A6F /* GithubReposUsecase.swift in Sources */ = {isa = PBXBuildFile; fileRef = E37D5025274C1B0600DC8A6F /* GithubReposUsecase.swift */; };
		E37D502C274C5A7700DC8A6F /* GithubReposListViewModel.swift in Sources */ = {isa = PBXBuildFile; fileRef = E37D502B274C5A7700DC8A6F /* GithubReposListViewModel.swift */; };
		E37D502F274C5DE800DC8A6F /* CustomSplashScreenViewController.swift in Sources */ = {isa = PBXBuildFile; fileRef = E37D502E274C5DE800DC8A6F /* CustomSplashScreenViewController.swift */; };
		E37D5032274C5F9C00DC8A6F /* githubLottie.json in Resources */ = {isa = PBXBuildFile; fileRef = E37D5031274C5F9C00DC8A6F /* githubLottie.json */; };
		E37D5034274C613F00DC8A6F /* UIViewControllerExt.swift in Sources */ = {isa = PBXBuildFile; fileRef = E37D5033274C613F00DC8A6F /* UIViewControllerExt.swift */; };
		E37D5037274C619000DC8A6F /* AppNavigationCoordinator.swift in Sources */ = {isa = PBXBuildFile; fileRef = E37D5036274C619000DC8A6F /* AppNavigationCoordinator.swift */; };
		E37D5039274C623D00DC8A6F /* AppStoryBoards.swift in Sources */ = {isa = PBXBuildFile; fileRef = E37D5038274C623D00DC8A6F /* AppStoryBoards.swift */; };
		E37D503B274C632000DC8A6F /* GithubReposListViewController.swift in Sources */ = {isa = PBXBuildFile; fileRef = E37D503A274C631F00DC8A6F /* GithubReposListViewController.swift */; };
		E37D503D274C650800DC8A6F /* GithubReposStoryBoard.storyboard in Resources */ = {isa = PBXBuildFile; fileRef = E37D503C274C650800DC8A6F /* GithubReposStoryBoard.storyboard */; };
		E37D5040274D57C300DC8A6F /* GithubReposTableView.swift in Sources */ = {isa = PBXBuildFile; fileRef = E37D503F274D57C300DC8A6F /* GithubReposTableView.swift */; };
		E37D504B274D5CCF00DC8A6F /* GithubRepoItemTableViewCell.swift in Sources */ = {isa = PBXBuildFile; fileRef = E37D5049274D5CCF00DC8A6F /* GithubRepoItemTableViewCell.swift */; };
		E37D504C274D5CCF00DC8A6F /* GithubRepoItemTableViewCell.xib in Resources */ = {isa = PBXBuildFile; fileRef = E37D504A274D5CCF00DC8A6F /* GithubRepoItemTableViewCell.xib */; };
		E37D504E274D7BD600DC8A6F /* DataListCellViewModel.swift in Sources */ = {isa = PBXBuildFile; fileRef = E37D504D274D7BD600DC8A6F /* DataListCellViewModel.swift */; };
		E37D5052274D965600DC8A6F /* Design System.swift in Sources */ = {isa = PBXBuildFile; fileRef = E37D5051274D965600DC8A6F /* Design System.swift */; };
		E37D5054274DAD1000DC8A6F /* HomeNavigation.swift in Sources */ = {isa = PBXBuildFile; fileRef = E37D5053274DAD1000DC8A6F /* HomeNavigation.swift */; };
		E37D5056274DB1E000DC8A6F /* TransitionExt.swift in Sources */ = {isa = PBXBuildFile; fileRef = E37D5055274DB1E000DC8A6F /* TransitionExt.swift */; };
		E37D505A274DB62E00DC8A6F /* GithubRepoDetailsViewModel.swift in Sources */ = {isa = PBXBuildFile; fileRef = E37D5059274DB62E00DC8A6F /* GithubRepoDetailsViewModel.swift */; };
		E37D505C274DB7F400DC8A6F /* GithubRepoDetailsTableViewController.swift in Sources */ = {isa = PBXBuildFile; fileRef = E37D505B274DB7F400DC8A6F /* GithubRepoDetailsTableViewController.swift */; };
		E37D5060274DBCFA00DC8A6F /* BasicDataCollectionViewCell.swift in Sources */ = {isa = PBXBuildFile; fileRef = E37D505E274DBCFA00DC8A6F /* BasicDataCollectionViewCell.swift */; };
		E37D5061274DBCFA00DC8A6F /* BasicDataCollectionViewCell.xib in Resources */ = {isa = PBXBuildFile; fileRef = E37D505F274DBCFA00DC8A6F /* BasicDataCollectionViewCell.xib */; };
		E37D5063274DC14E00DC8A6F /* CollectionViewCellExt.swift in Sources */ = {isa = PBXBuildFile; fileRef = E37D5062274DC14E00DC8A6F /* CollectionViewCellExt.swift */; };
		E37D5065274DC61D00DC8A6F /* RepoDetailsSectionModel.swift in Sources */ = {isa = PBXBuildFile; fileRef = E37D5064274DC61D00DC8A6F /* RepoDetailsSectionModel.swift */; };
		E37D5068274DCF7400DC8A6F /* GithubRepoDetailsUsecaseProtocol.swift in Sources */ = {isa = PBXBuildFile; fileRef = E37D5067274DCF7400DC8A6F /* GithubRepoDetailsUsecaseProtocol.swift */; };
		E37D506A274DCFB600DC8A6F /* GithubRepoDetailsUsecase.swift in Sources */ = {isa = PBXBuildFile; fileRef = E37D5069274DCFB600DC8A6F /* GithubRepoDetailsUsecase.swift */; };
		E37D506C274E3CBB00DC8A6F /* GithubReposSearch.swift in Sources */ = {isa = PBXBuildFile; fileRef = E37D506B274E3CBA00DC8A6F /* GithubReposSearch.swift */; };
		E3EF5822274E6E08003FB534 /* GithubRepoDetailsCollectionView.swift in Sources */ = {isa = PBXBuildFile; fileRef = E3EF5821274E6E08003FB534 /* GithubRepoDetailsCollectionView.swift */; };
		E3EF582C274E8EDF003FB534 /* reposStub.json in Resources */ = {isa = PBXBuildFile; fileRef = E3EF582B274E8EDF003FB534 /* reposStub.json */; };
		E3EF582F274E900F003FB534 /* GithubReposListUsecaseTest.swift in Sources */ = {isa = PBXBuildFile; fileRef = E3EF582E274E900F003FB534 /* GithubReposListUsecaseTest.swift */; };
		E3EF5832274E9DDD003FB534 /* GithubReposListUsecaseMock.swift in Sources */ = {isa = PBXBuildFile; fileRef = E3EF5831274E9DDD003FB534 /* GithubReposListUsecaseMock.swift */; };
		E3EF5834274E9FFD003FB534 /* GithubReposListViewmodelTest.swift in Sources */ = {isa = PBXBuildFile; fileRef = E3EF5833274E9FFD003FB534 /* GithubReposListViewmodelTest.swift */; };
		E3EF5836274EA1AE003FB534 /* StubGenerator.swift in Sources */ = {isa = PBXBuildFile; fileRef = E3EF5835274EA1AE003FB534 /* StubGenerator.swift */; };
		E3EF5838274EBF9A003FB534 /* CustomFailScreen.swift in Sources */ = {isa = PBXBuildFile; fileRef = E3EF5837274EBF9A003FB534 /* CustomFailScreen.swift */; };
		E3EF583B274ECCA7003FB534 /* CustomFailScreen.xib in Resources */ = {isa = PBXBuildFile; fileRef = E3EF583A274ECCA7003FB534 /* CustomFailScreen.xib */; };
		E3EF583D274ED19B003FB534 /* ViewControllerWithSettings.swift in Sources */ = {isa = PBXBuildFile; fileRef = E3EF583C274ED19B003FB534 /* ViewControllerWithSettings.swift */; };
		FBA87B663FD36ABEF0FCB869 /* Pods_GithubAwesomeRepos_GithubAwesomeReposUITests.framework in Frameworks */ = {isa = PBXBuildFile; fileRef = B75D3CC6DE72AB6EB2F8998E /* Pods_GithubAwesomeRepos_GithubAwesomeReposUITests.framework */; };
/* End PBXBuildFile section */

/* Begin PBXContainerItemProxy section */
		E37D4FCC274C020C00DC8A6F /* PBXContainerItemProxy */ = {
			isa = PBXContainerItemProxy;
			containerPortal = E37D4FAA274C020700DC8A6F /* Project object */;
			proxyType = 1;
			remoteGlobalIDString = E37D4FB1274C020700DC8A6F;
			remoteInfo = GithubAwesomeRepos;
		};
		E37D4FD6274C020C00DC8A6F /* PBXContainerItemProxy */ = {
			isa = PBXContainerItemProxy;
			containerPortal = E37D4FAA274C020700DC8A6F /* Project object */;
			proxyType = 1;
			remoteGlobalIDString = E37D4FB1274C020700DC8A6F;
			remoteInfo = GithubAwesomeRepos;
		};
/* End PBXContainerItemProxy section */

/* Begin PBXFileReference section */
		05CB9817043103C6D099DA15 /* Pods-GithubAwesomeRepos-GithubAwesomeReposUITests.debug.xcconfig */ = {isa = PBXFileReference; includeInIndex = 1; lastKnownFileType = text.xcconfig; name = "Pods-GithubAwesomeRepos-GithubAwesomeReposUITests.debug.xcconfig"; path = "Target Support Files/Pods-GithubAwesomeRepos-GithubAwesomeReposUITests/Pods-GithubAwesomeRepos-GithubAwesomeReposUITests.debug.xcconfig"; sourceTree = "<group>"; };
		26347878C30A7E7FA67AF368 /* Pods-GithubAwesomeReposTests.release.xcconfig */ = {isa = PBXFileReference; includeInIndex = 1; lastKnownFileType = text.xcconfig; name = "Pods-GithubAwesomeReposTests.release.xcconfig"; path = "Target Support Files/Pods-GithubAwesomeReposTests/Pods-GithubAwesomeReposTests.release.xcconfig"; sourceTree = "<group>"; };
		6D7BE65FDF0C827141C87D60 /* Pods-GithubAwesomeRepos.release.xcconfig */ = {isa = PBXFileReference; includeInIndex = 1; lastKnownFileType = text.xcconfig; name = "Pods-GithubAwesomeRepos.release.xcconfig"; path = "Target Support Files/Pods-GithubAwesomeRepos/Pods-GithubAwesomeRepos.release.xcconfig"; sourceTree = "<group>"; };
		736770E1A3379326619DE6C3 /* Pods-GithubAwesomeReposTests.debug.xcconfig */ = {isa = PBXFileReference; includeInIndex = 1; lastKnownFileType = text.xcconfig; name = "Pods-GithubAwesomeReposTests.debug.xcconfig"; path = "Target Support Files/Pods-GithubAwesomeReposTests/Pods-GithubAwesomeReposTests.debug.xcconfig"; sourceTree = "<group>"; };
		882895B46CB48C0F531EB877 /* Pods-GithubAwesomeRepos-GithubAwesomeReposUITests.release.xcconfig */ = {isa = PBXFileReference; includeInIndex = 1; lastKnownFileType = text.xcconfig; name = "Pods-GithubAwesomeRepos-GithubAwesomeReposUITests.release.xcconfig"; path = "Target Support Files/Pods-GithubAwesomeRepos-GithubAwesomeReposUITests/Pods-GithubAwesomeRepos-GithubAwesomeReposUITests.release.xcconfig"; sourceTree = "<group>"; };
		B75D3CC6DE72AB6EB2F8998E /* Pods_GithubAwesomeRepos_GithubAwesomeReposUITests.framework */ = {isa = PBXFileReference; explicitFileType = wrapper.framework; includeInIndex = 0; path = Pods_GithubAwesomeRepos_GithubAwesomeReposUITests.framework; sourceTree = BUILT_PRODUCTS_DIR; };
		E0F1C698CA8FCE29D12A03EA /* Pods_GithubAwesomeRepos.framework */ = {isa = PBXFileReference; explicitFileType = wrapper.framework; includeInIndex = 0; path = Pods_GithubAwesomeRepos.framework; sourceTree = BUILT_PRODUCTS_DIR; };
		E37D4FB2274C020700DC8A6F /* GithubAwesomeRepos.app */ = {isa = PBXFileReference; explicitFileType = wrapper.application; includeInIndex = 0; path = GithubAwesomeRepos.app; sourceTree = BUILT_PRODUCTS_DIR; };
		E37D4FB5274C020700DC8A6F /* AppDelegate.swift */ = {isa = PBXFileReference; lastKnownFileType = sourcecode.swift; path = AppDelegate.swift; sourceTree = "<group>"; };
		E37D4FBC274C020700DC8A6F /* Base */ = {isa = PBXFileReference; lastKnownFileType = file.storyboard; name = Base; path = Base.lproj/Main.storyboard; sourceTree = "<group>"; };
		E37D4FBF274C020700DC8A6F /* GithubAwesomeRepos.xcdatamodel */ = {isa = PBXFileReference; lastKnownFileType = wrapper.xcdatamodel; path = GithubAwesomeRepos.xcdatamodel; sourceTree = "<group>"; };
		E37D4FC1274C020B00DC8A6F /* Assets.xcassets */ = {isa = PBXFileReference; lastKnownFileType = folder.assetcatalog; path = Assets.xcassets; sourceTree = "<group>"; };
		E37D4FC4274C020B00DC8A6F /* Base */ = {isa = PBXFileReference; lastKnownFileType = file.storyboard; name = Base; path = Base.lproj/LaunchScreen.storyboard; sourceTree = "<group>"; };
		E37D4FC6274C020B00DC8A6F /* Info.plist */ = {isa = PBXFileReference; lastKnownFileType = text.plist.xml; path = Info.plist; sourceTree = "<group>"; };
		E37D4FCB274C020C00DC8A6F /* GithubAwesomeReposTests.xctest */ = {isa = PBXFileReference; explicitFileType = wrapper.cfbundle; includeInIndex = 0; path = GithubAwesomeReposTests.xctest; sourceTree = BUILT_PRODUCTS_DIR; };
		E37D4FD5274C020C00DC8A6F /* GithubAwesomeReposUITests.xctest */ = {isa = PBXFileReference; explicitFileType = wrapper.cfbundle; includeInIndex = 0; path = GithubAwesomeReposUITests.xctest; sourceTree = BUILT_PRODUCTS_DIR; };
		E37D4FD9274C020C00DC8A6F /* GithubAwesomeReposUITests.swift */ = {isa = PBXFileReference; lastKnownFileType = sourcecode.swift; path = GithubAwesomeReposUITests.swift; sourceTree = "<group>"; };
		E37D4FDB274C020C00DC8A6F /* GithubAwesomeReposUITestsLaunchTests.swift */ = {isa = PBXFileReference; lastKnownFileType = sourcecode.swift; path = GithubAwesomeReposUITestsLaunchTests.swift; sourceTree = "<group>"; };
		E37D4FF4274C08F700DC8A6F /* ColorPalette.swift */ = {isa = PBXFileReference; lastKnownFileType = sourcecode.swift; path = ColorPalette.swift; sourceTree = "<group>"; };
		E37D4FF8274C091A00DC8A6F /* NetworkManager.swift */ = {isa = PBXFileReference; lastKnownFileType = sourcecode.swift; path = NetworkManager.swift; sourceTree = "<group>"; };
		E37D4FFA274C094600DC8A6F /* APIComponent.swift */ = {isa = PBXFileReference; lastKnownFileType = sourcecode.swift; path = APIComponent.swift; sourceTree = "<group>"; };
		E37D4FFD274C097B00DC8A6F /* APIError.swift */ = {isa = PBXFileReference; lastKnownFileType = sourcecode.swift; path = APIError.swift; sourceTree = "<group>"; };
		E37D500B274C09F500DC8A6F /* ImageViewExt.swift */ = {isa = PBXFileReference; lastKnownFileType = sourcecode.swift; path = ImageViewExt.swift; sourceTree = "<group>"; };
		E37D500D274C0A0500DC8A6F /* StringExt.swift */ = {isa = PBXFileReference; lastKnownFileType = sourcecode.swift; path = StringExt.swift; sourceTree = "<group>"; };
		E37D500F274C0A2700DC8A6F /* TableViewCellExt.swift */ = {isa = PBXFileReference; lastKnownFileType = sourcecode.swift; path = TableViewCellExt.swift; sourceTree = "<group>"; };
		E37D5011274C0A3900DC8A6F /* UIViewExt.swift */ = {isa = PBXFileReference; lastKnownFileType = sourcecode.swift; path = UIViewExt.swift; sourceTree = "<group>"; };
		E37D5015274C0FBF00DC8A6F /* NetworkReachability.swift */ = {isa = PBXFileReference; lastKnownFileType = sourcecode.swift; path = NetworkReachability.swift; sourceTree = "<group>"; };
		E37D5018274C110D00DC8A6F /* GithubReposAPIComponents.swift */ = {isa = PBXFileReference; lastKnownFileType = sourcecode.swift; path = GithubReposAPIComponents.swift; sourceTree = "<group>"; };
		E37D501A274C127500DC8A6F /* APIEnvironmentManager.swift */ = {isa = PBXFileReference; lastKnownFileType = sourcecode.swift; path = APIEnvironmentManager.swift; sourceTree = "<group>"; };
		E37D501D274C196400DC8A6F /* GithubRepoModel.swift */ = {isa = PBXFileReference; lastKnownFileType = sourcecode.swift; path = GithubRepoModel.swift; sourceTree = "<group>"; };
		E37D501F274C198900DC8A6F /* GithubOwnerModel.swift */ = {isa = PBXFileReference; lastKnownFileType = sourcecode.swift; path = GithubOwnerModel.swift; sourceTree = "<group>"; };
		E37D5022274C1A2E00DC8A6F /* GithubReposUsecaseProtocol.swift */ = {isa = PBXFileReference; lastKnownFileType = sourcecode.swift; path = GithubReposUsecaseProtocol.swift; sourceTree = "<group>"; };
		E37D5025274C1B0600DC8A6F /* GithubReposUsecase.swift */ = {isa = PBXFileReference; lastKnownFileType = sourcecode.swift; path = GithubReposUsecase.swift; sourceTree = "<group>"; };
		E37D502B274C5A7700DC8A6F /* GithubReposListViewModel.swift */ = {isa = PBXFileReference; lastKnownFileType = sourcecode.swift; path = GithubReposListViewModel.swift; sourceTree = "<group>"; };
		E37D502E274C5DE800DC8A6F /* CustomSplashScreenViewController.swift */ = {isa = PBXFileReference; lastKnownFileType = sourcecode.swift; path = CustomSplashScreenViewController.swift; sourceTree = "<group>"; };
		E37D5031274C5F9C00DC8A6F /* githubLottie.json */ = {isa = PBXFileReference; fileEncoding = 4; lastKnownFileType = text.json; path = githubLottie.json; sourceTree = "<group>"; };
		E37D5033274C613F00DC8A6F /* UIViewControllerExt.swift */ = {isa = PBXFileReference; lastKnownFileType = sourcecode.swift; path = UIViewControllerExt.swift; sourceTree = "<group>"; };
		E37D5036274C619000DC8A6F /* AppNavigationCoordinator.swift */ = {isa = PBXFileReference; lastKnownFileType = sourcecode.swift; path = AppNavigationCoordinator.swift; sourceTree = "<group>"; };
		E37D5038274C623D00DC8A6F /* AppStoryBoards.swift */ = {isa = PBXFileReference; lastKnownFileType = sourcecode.swift; path = AppStoryBoards.swift; sourceTree = "<group>"; };
		E37D503A274C631F00DC8A6F /* GithubReposListViewController.swift */ = {isa = PBXFileReference; lastKnownFileType = sourcecode.swift; path = GithubReposListViewController.swift; sourceTree = "<group>"; };
		E37D503C274C650800DC8A6F /* GithubReposStoryBoard.storyboard */ = {isa = PBXFileReference; lastKnownFileType = file.storyboard; path = GithubReposStoryBoard.storyboard; sourceTree = "<group>"; };
		E37D503F274D57C300DC8A6F /* GithubReposTableView.swift */ = {isa = PBXFileReference; lastKnownFileType = sourcecode.swift; path = GithubReposTableView.swift; sourceTree = "<group>"; };
		E37D5049274D5CCF00DC8A6F /* GithubRepoItemTableViewCell.swift */ = {isa = PBXFileReference; lastKnownFileType = sourcecode.swift; path = GithubRepoItemTableViewCell.swift; sourceTree = "<group>"; };
		E37D504A274D5CCF00DC8A6F /* GithubRepoItemTableViewCell.xib */ = {isa = PBXFileReference; lastKnownFileType = file.xib; path = GithubRepoItemTableViewCell.xib; sourceTree = "<group>"; };
		E37D504D274D7BD600DC8A6F /* DataListCellViewModel.swift */ = {isa = PBXFileReference; lastKnownFileType = sourcecode.swift; path = DataListCellViewModel.swift; sourceTree = "<group>"; };
		E37D5051274D965600DC8A6F /* Design System.swift */ = {isa = PBXFileReference; lastKnownFileType = sourcecode.swift; path = "Design System.swift"; sourceTree = "<group>"; };
		E37D5053274DAD1000DC8A6F /* HomeNavigation.swift */ = {isa = PBXFileReference; lastKnownFileType = sourcecode.swift; path = HomeNavigation.swift; sourceTree = "<group>"; };
		E37D5055274DB1E000DC8A6F /* TransitionExt.swift */ = {isa = PBXFileReference; lastKnownFileType = sourcecode.swift; path = TransitionExt.swift; sourceTree = "<group>"; };
		E37D5059274DB62E00DC8A6F /* GithubRepoDetailsViewModel.swift */ = {isa = PBXFileReference; lastKnownFileType = sourcecode.swift; path = GithubRepoDetailsViewModel.swift; sourceTree = "<group>"; };
		E37D505B274DB7F400DC8A6F /* GithubRepoDetailsTableViewController.swift */ = {isa = PBXFileReference; lastKnownFileType = sourcecode.swift; path = GithubRepoDetailsTableViewController.swift; sourceTree = "<group>"; };
		E37D505E274DBCFA00DC8A6F /* BasicDataCollectionViewCell.swift */ = {isa = PBXFileReference; lastKnownFileType = sourcecode.swift; path = BasicDataCollectionViewCell.swift; sourceTree = "<group>"; };
		E37D505F274DBCFA00DC8A6F /* BasicDataCollectionViewCell.xib */ = {isa = PBXFileReference; lastKnownFileType = file.xib; path = BasicDataCollectionViewCell.xib; sourceTree = "<group>"; };
		E37D5062274DC14E00DC8A6F /* CollectionViewCellExt.swift */ = {isa = PBXFileReference; lastKnownFileType = sourcecode.swift; path = CollectionViewCellExt.swift; sourceTree = "<group>"; };
		E37D5064274DC61D00DC8A6F /* RepoDetailsSectionModel.swift */ = {isa = PBXFileReference; lastKnownFileType = sourcecode.swift; path = RepoDetailsSectionModel.swift; sourceTree = "<group>"; };
		E37D5067274DCF7400DC8A6F /* GithubRepoDetailsUsecaseProtocol.swift */ = {isa = PBXFileReference; lastKnownFileType = sourcecode.swift; path = GithubRepoDetailsUsecaseProtocol.swift; sourceTree = "<group>"; };
		E37D5069274DCFB600DC8A6F /* GithubRepoDetailsUsecase.swift */ = {isa = PBXFileReference; lastKnownFileType = sourcecode.swift; path = GithubRepoDetailsUsecase.swift; sourceTree = "<group>"; };
		E37D506B274E3CBA00DC8A6F /* GithubReposSearch.swift */ = {isa = PBXFileReference; lastKnownFileType = sourcecode.swift; path = GithubReposSearch.swift; sourceTree = "<group>"; };
		E3EF5821274E6E08003FB534 /* GithubRepoDetailsCollectionView.swift */ = {isa = PBXFileReference; lastKnownFileType = sourcecode.swift; path = GithubRepoDetailsCollectionView.swift; sourceTree = "<group>"; };
		E3EF582B274E8EDF003FB534 /* reposStub.json */ = {isa = PBXFileReference; fileEncoding = 4; lastKnownFileType = text.json; path = reposStub.json; sourceTree = "<group>"; };
		E3EF582E274E900F003FB534 /* GithubReposListUsecaseTest.swift */ = {isa = PBXFileReference; lastKnownFileType = sourcecode.swift; path = GithubReposListUsecaseTest.swift; sourceTree = "<group>"; };
		E3EF5830274E9098003FB534 /* GithubAwesomeReposTests-Bridging-Header.h */ = {isa = PBXFileReference; lastKnownFileType = sourcecode.c.h; path = "GithubAwesomeReposTests-Bridging-Header.h"; sourceTree = "<group>"; };
		E3EF5831274E9DDD003FB534 /* GithubReposListUsecaseMock.swift */ = {isa = PBXFileReference; lastKnownFileType = sourcecode.swift; path = GithubReposListUsecaseMock.swift; sourceTree = "<group>"; };
		E3EF5833274E9FFD003FB534 /* GithubReposListViewmodelTest.swift */ = {isa = PBXFileReference; lastKnownFileType = sourcecode.swift; path = GithubReposListViewmodelTest.swift; sourceTree = "<group>"; };
		E3EF5835274EA1AE003FB534 /* StubGenerator.swift */ = {isa = PBXFileReference; lastKnownFileType = sourcecode.swift; path = StubGenerator.swift; sourceTree = "<group>"; };
		E3EF5837274EBF9A003FB534 /* CustomFailScreen.swift */ = {isa = PBXFileReference; lastKnownFileType = sourcecode.swift; path = CustomFailScreen.swift; sourceTree = "<group>"; };
		E3EF583A274ECCA7003FB534 /* CustomFailScreen.xib */ = {isa = PBXFileReference; lastKnownFileType = file.xib; path = CustomFailScreen.xib; sourceTree = "<group>"; };
		E3EF583C274ED19B003FB534 /* ViewControllerWithSettings.swift */ = {isa = PBXFileReference; lastKnownFileType = sourcecode.swift; path = ViewControllerWithSettings.swift; sourceTree = "<group>"; };
		E5C80F2CAA93DA6EE2C569C0 /* Pods-GithubAwesomeRepos.debug.xcconfig */ = {isa = PBXFileReference; includeInIndex = 1; lastKnownFileType = text.xcconfig; name = "Pods-GithubAwesomeRepos.debug.xcconfig"; path = "Target Support Files/Pods-GithubAwesomeRepos/Pods-GithubAwesomeRepos.debug.xcconfig"; sourceTree = "<group>"; };
		F9285EFC7B056FD8A85B5204 /* Pods_GithubAwesomeReposTests.framework */ = {isa = PBXFileReference; explicitFileType = wrapper.framework; includeInIndex = 0; path = Pods_GithubAwesomeReposTests.framework; sourceTree = BUILT_PRODUCTS_DIR; };
/* End PBXFileReference section */

/* Begin PBXFrameworksBuildPhase section */
		E37D4FAF274C020700DC8A6F /* Frameworks */ = {
			isa = PBXFrameworksBuildPhase;
			buildActionMask = 2147483647;
			files = (
				2FC791EAED36C9A0536DC5FE /* Pods_GithubAwesomeRepos.framework in Frameworks */,
			);
			runOnlyForDeploymentPostprocessing = 0;
		};
		E37D4FC8274C020C00DC8A6F /* Frameworks */ = {
			isa = PBXFrameworksBuildPhase;
			buildActionMask = 2147483647;
			files = (
				66DF06C4A9E9F6415CC1AD63 /* Pods_GithubAwesomeReposTests.framework in Frameworks */,
			);
			runOnlyForDeploymentPostprocessing = 0;
		};
		E37D4FD2274C020C00DC8A6F /* Frameworks */ = {
			isa = PBXFrameworksBuildPhase;
			buildActionMask = 2147483647;
			files = (
				FBA87B663FD36ABEF0FCB869 /* Pods_GithubAwesomeRepos_GithubAwesomeReposUITests.framework in Frameworks */,
			);
			runOnlyForDeploymentPostprocessing = 0;
		};
/* End PBXFrameworksBuildPhase section */

/* Begin PBXGroup section */
		1B4E826B2FFFAAC71355DFD6 /* Frameworks */ = {
			isa = PBXGroup;
			children = (
				E0F1C698CA8FCE29D12A03EA /* Pods_GithubAwesomeRepos.framework */,
				B75D3CC6DE72AB6EB2F8998E /* Pods_GithubAwesomeRepos_GithubAwesomeReposUITests.framework */,
				F9285EFC7B056FD8A85B5204 /* Pods_GithubAwesomeReposTests.framework */,
			);
			name = Frameworks;
			sourceTree = "<group>";
		};
		4E17522512A6CC6486FDEE96 /* Pods */ = {
			isa = PBXGroup;
			children = (
				E5C80F2CAA93DA6EE2C569C0 /* Pods-GithubAwesomeRepos.debug.xcconfig */,
				6D7BE65FDF0C827141C87D60 /* Pods-GithubAwesomeRepos.release.xcconfig */,
				05CB9817043103C6D099DA15 /* Pods-GithubAwesomeRepos-GithubAwesomeReposUITests.debug.xcconfig */,
				882895B46CB48C0F531EB877 /* Pods-GithubAwesomeRepos-GithubAwesomeReposUITests.release.xcconfig */,
				736770E1A3379326619DE6C3 /* Pods-GithubAwesomeReposTests.debug.xcconfig */,
				26347878C30A7E7FA67AF368 /* Pods-GithubAwesomeReposTests.release.xcconfig */,
			);
			path = Pods;
			sourceTree = "<group>";
		};
		E37D4FA9274C020700DC8A6F = {
			isa = PBXGroup;
			children = (
				E37D4FB4274C020700DC8A6F /* GithubAwesomeRepos */,
				E37D4FCE274C020C00DC8A6F /* GithubAwesomeReposTests */,
				E37D4FD8274C020C00DC8A6F /* GithubAwesomeReposUITests */,
				E37D4FB3274C020700DC8A6F /* Products */,
				4E17522512A6CC6486FDEE96 /* Pods */,
				1B4E826B2FFFAAC71355DFD6 /* Frameworks */,
			);
			sourceTree = "<group>";
		};
		E37D4FB3274C020700DC8A6F /* Products */ = {
			isa = PBXGroup;
			children = (
				E37D4FB2274C020700DC8A6F /* GithubAwesomeRepos.app */,
				E37D4FCB274C020C00DC8A6F /* GithubAwesomeReposTests.xctest */,
				E37D4FD5274C020C00DC8A6F /* GithubAwesomeReposUITests.xctest */,
			);
			name = Products;
			sourceTree = "<group>";
		};
		E37D4FB4274C020700DC8A6F /* GithubAwesomeRepos */ = {
			isa = PBXGroup;
			children = (
				E37D4FF7274C090800DC8A6F /* Network */,
				E37D4FF6274C090200DC8A6F /* Domain */,
				E37D4FEA274C031900DC8A6F /* Features */,
				E37D4FE8274C023100DC8A6F /* Resources */,
				E37D4FBB274C020700DC8A6F /* Main.storyboard */,
				E37D4FC3274C020B00DC8A6F /* LaunchScreen.storyboard */,
				E37D4FC6274C020B00DC8A6F /* Info.plist */,
				E37D4FBE274C020700DC8A6F /* GithubAwesomeRepos.xcdatamodeld */,
			);
			path = GithubAwesomeRepos;
			sourceTree = "<group>";
		};
		E37D4FCE274C020C00DC8A6F /* GithubAwesomeReposTests */ = {
			isa = PBXGroup;
			children = (
				E3EF5825274E8767003FB534 /* Features unit tests */,
				E3EF5824274E8760003FB534 /* mocks */,
				E3EF5823274E8757003FB534 /* stubs */,
			);
			path = GithubAwesomeReposTests;
			sourceTree = "<group>";
		};
		E37D4FD8274C020C00DC8A6F /* GithubAwesomeReposUITests */ = {
			isa = PBXGroup;
			children = (
				E37D4FD9274C020C00DC8A6F /* GithubAwesomeReposUITests.swift */,
				E37D4FDB274C020C00DC8A6F /* GithubAwesomeReposUITestsLaunchTests.swift */,
			);
			path = GithubAwesomeReposUITests;
			sourceTree = "<group>";
		};
		E37D4FE8274C023100DC8A6F /* Resources */ = {
			isa = PBXGroup;
			children = (
				E37D5030274C5F8500DC8A6F /* Media */,
				E37D4FF3274C08E300DC8A6F /* Helper */,
				E37D4FB5274C020700DC8A6F /* AppDelegate.swift */,
			);
			path = Resources;
			sourceTree = "<group>";
		};
		E37D4FEA274C031900DC8A6F /* Features */ = {
			isa = PBXGroup;
			children = (
				E37D5035274C617300DC8A6F /* App Navigation */,
				E37D503E274D52B300DC8A6F /* GithubRepos */,
				E37D502D274C5DCA00DC8A6F /* SplashScreen */,
			);
			path = Features;
			sourceTree = "<group>";
		};
		E37D4FF3274C08E300DC8A6F /* Helper */ = {
			isa = PBXGroup;
			children = (
				E37D500A274C09DC00DC8A6F /* Extensions */,
				E37D5001274C09B600DC8A6F /* App Style */,
			);
			path = Helper;
			sourceTree = "<group>";
		};
		E37D4FF6274C090200DC8A6F /* Domain */ = {
			isa = PBXGroup;
			children = (
				E37D4FFC274C096B00DC8A6F /* API */,
			);
			path = Domain;
			sourceTree = "<group>";
		};
		E37D4FF7274C090800DC8A6F /* Network */ = {
			isa = PBXGroup;
			children = (
				E37D4FFD274C097B00DC8A6F /* APIError.swift */,
				E37D4FFA274C094600DC8A6F /* APIComponent.swift */,
				E37D4FF8274C091A00DC8A6F /* NetworkManager.swift */,
				E37D5015274C0FBF00DC8A6F /* NetworkReachability.swift */,
			);
			path = Network;
			sourceTree = "<group>";
		};
		E37D4FFC274C096B00DC8A6F /* API */ = {
			isa = PBXGroup;
			children = (
				E37D501A274C127500DC8A6F /* APIEnvironmentManager.swift */,
				E37D5018274C110D00DC8A6F /* GithubReposAPIComponents.swift */,
			);
			path = API;
			sourceTree = "<group>";
		};
		E37D5001274C09B600DC8A6F /* App Style */ = {
			isa = PBXGroup;
			children = (
				E37D4FF4274C08F700DC8A6F /* ColorPalette.swift */,
				E37D5051274D965600DC8A6F /* Design System.swift */,
			);
			path = "App Style";
			sourceTree = "<group>";
		};
		E37D500A274C09DC00DC8A6F /* Extensions */ = {
			isa = PBXGroup;
			children = (
				E3EF5839274ECC8A003FB534 /* Fail view */,
				E37D5038274C623D00DC8A6F /* AppStoryBoards.swift */,
				E37D500B274C09F500DC8A6F /* ImageViewExt.swift */,
				E37D500D274C0A0500DC8A6F /* StringExt.swift */,
				E37D500F274C0A2700DC8A6F /* TableViewCellExt.swift */,
				E37D5011274C0A3900DC8A6F /* UIViewExt.swift */,
				E37D5033274C613F00DC8A6F /* UIViewControllerExt.swift */,
				E37D5062274DC14E00DC8A6F /* CollectionViewCellExt.swift */,
			);
			path = Extensions;
			sourceTree = "<group>";
		};
		E37D501C274C194500DC8A6F /* Model */ = {
			isa = PBXGroup;
			children = (
				E37D501D274C196400DC8A6F /* GithubRepoModel.swift */,
				E37D501F274C198900DC8A6F /* GithubOwnerModel.swift */,
			);
			path = Model;
			sourceTree = "<group>";
		};
		E37D5021274C1A0300DC8A6F /* Usecase */ = {
			isa = PBXGroup;
			children = (
				E37D5022274C1A2E00DC8A6F /* GithubReposUsecaseProtocol.swift */,
				E37D5025274C1B0600DC8A6F /* GithubReposUsecase.swift */,
			);
			path = Usecase;
			sourceTree = "<group>";
		};
		E37D5029274C5A4200DC8A6F /* GithubReposList */ = {
			isa = PBXGroup;
			children = (
				E37D5021274C1A0300DC8A6F /* Usecase */,
				E37D501C274C194500DC8A6F /* Model */,
				E37D5042274D5B9100DC8A6F /* Viewmodel */,
				E37D5041274D5B8700DC8A6F /* View */,
			);
			path = GithubReposList;
			sourceTree = "<group>";
		};
		E37D502A274C5A4F00DC8A6F /* GithubRepoDetails */ = {
			isa = PBXGroup;
			children = (
				E3EF583F274ED2EB003FB534 /* Model */,
				E37D5066274DCF4F00DC8A6F /* Usecase */,
				E37D5058274DB5FE00DC8A6F /* Viewmodel */,
				E37D5057274DB5F700DC8A6F /* View */,
			);
			path = GithubRepoDetails;
			sourceTree = "<group>";
		};
		E37D502D274C5DCA00DC8A6F /* SplashScreen */ = {
			isa = PBXGroup;
			children = (
				E37D502E274C5DE800DC8A6F /* CustomSplashScreenViewController.swift */,
			);
			path = SplashScreen;
			sourceTree = "<group>";
		};
		E37D5030274C5F8500DC8A6F /* Media */ = {
			isa = PBXGroup;
			children = (
				E37D5031274C5F9C00DC8A6F /* githubLottie.json */,
				E37D4FC1274C020B00DC8A6F /* Assets.xcassets */,
			);
			path = Media;
			sourceTree = "<group>";
		};
		E37D5035274C617300DC8A6F /* App Navigation */ = {
			isa = PBXGroup;
			children = (
				E37D5055274DB1E000DC8A6F /* TransitionExt.swift */,
				E37D5036274C619000DC8A6F /* AppNavigationCoordinator.swift */,
				E37D5053274DAD1000DC8A6F /* HomeNavigation.swift */,
			);
			path = "App Navigation";
			sourceTree = "<group>";
		};
		E37D503E274D52B300DC8A6F /* GithubRepos */ = {
			isa = PBXGroup;
			children = (
				E3EF583E274ED2B0003FB534 /* Common */,
				E37D5029274C5A4200DC8A6F /* GithubReposList */,
				E37D502A274C5A4F00DC8A6F /* GithubRepoDetails */,
			);
			path = GithubRepos;
			sourceTree = "<group>";
		};
		E37D5041274D5B8700DC8A6F /* View */ = {
			isa = PBXGroup;
			children = (
				E37D5046274D5C3A00DC8A6F /* cell */,
				E37D503F274D57C300DC8A6F /* GithubReposTableView.swift */,
				E37D503A274C631F00DC8A6F /* GithubReposListViewController.swift */,
				E37D506B274E3CBA00DC8A6F /* GithubReposSearch.swift */,
			);
			path = View;
			sourceTree = "<group>";
		};
		E37D5042274D5B9100DC8A6F /* Viewmodel */ = {
			isa = PBXGroup;
			children = (
				E37D502B274C5A7700DC8A6F /* GithubReposListViewModel.swift */,
				E37D504D274D7BD600DC8A6F /* DataListCellViewModel.swift */,
			);
			path = Viewmodel;
			sourceTree = "<group>";
		};
		E37D5046274D5C3A00DC8A6F /* cell */ = {
			isa = PBXGroup;
			children = (
				E37D5049274D5CCF00DC8A6F /* GithubRepoItemTableViewCell.swift */,
				E37D504A274D5CCF00DC8A6F /* GithubRepoItemTableViewCell.xib */,
			);
			path = cell;
			sourceTree = "<group>";
		};
		E37D5057274DB5F700DC8A6F /* View */ = {
			isa = PBXGroup;
			children = (
				E37D505D274DBCBD00DC8A6F /* cell */,
				E37D505B274DB7F400DC8A6F /* GithubRepoDetailsTableViewController.swift */,
				E3EF5821274E6E08003FB534 /* GithubRepoDetailsCollectionView.swift */,
			);
			path = View;
			sourceTree = "<group>";
		};
		E37D5058274DB5FE00DC8A6F /* Viewmodel */ = {
			isa = PBXGroup;
			children = (
				E37D5059274DB62E00DC8A6F /* GithubRepoDetailsViewModel.swift */,
			);
			path = Viewmodel;
			sourceTree = "<group>";
		};
		E37D505D274DBCBD00DC8A6F /* cell */ = {
			isa = PBXGroup;
			children = (
				E37D505E274DBCFA00DC8A6F /* BasicDataCollectionViewCell.swift */,
				E37D505F274DBCFA00DC8A6F /* BasicDataCollectionViewCell.xib */,
			);
			path = cell;
			sourceTree = "<group>";
		};
		E37D5066274DCF4F00DC8A6F /* Usecase */ = {
			isa = PBXGroup;
			children = (
				E37D5067274DCF7400DC8A6F /* GithubRepoDetailsUsecaseProtocol.swift */,
				E37D5069274DCFB600DC8A6F /* GithubRepoDetailsUsecase.swift */,
			);
			path = Usecase;
			sourceTree = "<group>";
		};
		E3EF5823274E8757003FB534 /* stubs */ = {
			isa = PBXGroup;
			children = (
				E3EF582B274E8EDF003FB534 /* reposStub.json */,
				E3EF5835274EA1AE003FB534 /* StubGenerator.swift */,
			);
			path = stubs;
			sourceTree = "<group>";
		};
		E3EF5824274E8760003FB534 /* mocks */ = {
			isa = PBXGroup;
			children = (
				E3EF5831274E9DDD003FB534 /* GithubReposListUsecaseMock.swift */,
			);
			path = mocks;
			sourceTree = "<group>";
		};
		E3EF5825274E8767003FB534 /* Features unit tests */ = {
			isa = PBXGroup;
			children = (
				E3EF5830274E9098003FB534 /* GithubAwesomeReposTests-Bridging-Header.h */,
				E3EF582D274E8FDE003FB534 /* Github repos list test */,
			);
			path = "Features unit tests";
			sourceTree = "<group>";
		};
		E3EF582D274E8FDE003FB534 /* Github repos list test */ = {
			isa = PBXGroup;
			children = (
				E3EF582E274E900F003FB534 /* GithubReposListUsecaseTest.swift */,
				E3EF5833274E9FFD003FB534 /* GithubReposListViewmodelTest.swift */,
			);
			path = "Github repos list test";
			sourceTree = "<group>";
		};
		E3EF5839274ECC8A003FB534 /* Fail view */ = {
			isa = PBXGroup;
			children = (
				E3EF5837274EBF9A003FB534 /* CustomFailScreen.swift */,
				E3EF583A274ECCA7003FB534 /* CustomFailScreen.xib */,
			);
			path = "Fail view";
			sourceTree = "<group>";
		};
		E3EF583E274ED2B0003FB534 /* Common */ = {
			isa = PBXGroup;
			children = (
				E3EF583C274ED19B003FB534 /* ViewControllerWithSettings.swift */,
				E37D503C274C650800DC8A6F /* GithubReposStoryBoard.storyboard */,
			);
			path = Common;
			sourceTree = "<group>";
		};
		E3EF583F274ED2EB003FB534 /* Model */ = {
			isa = PBXGroup;
			children = (
				E37D5064274DC61D00DC8A6F /* RepoDetailsSectionModel.swift */,
			);
			path = Model;
			sourceTree = "<group>";
		};
/* End PBXGroup section */

/* Begin PBXNativeTarget section */
		E37D4FB1274C020700DC8A6F /* GithubAwesomeRepos */ = {
			isa = PBXNativeTarget;
			buildConfigurationList = E37D4FDF274C020C00DC8A6F /* Build configuration list for PBXNativeTarget "GithubAwesomeRepos" */;
			buildPhases = (
				F0B11CB15885186889C674B6 /* [CP] Check Pods Manifest.lock */,
				E37D4FAE274C020700DC8A6F /* Sources */,
				E37D4FAF274C020700DC8A6F /* Frameworks */,
				E37D4FB0274C020700DC8A6F /* Resources */,
				3D4E53C7645E283D58672DB6 /* [CP] Embed Pods Frameworks */,
			);
			buildRules = (
			);
			dependencies = (
			);
			name = GithubAwesomeRepos;
			productName = GithubAwesomeRepos;
			productReference = E37D4FB2274C020700DC8A6F /* GithubAwesomeRepos.app */;
			productType = "com.apple.product-type.application";
		};
		E37D4FCA274C020C00DC8A6F /* GithubAwesomeReposTests */ = {
			isa = PBXNativeTarget;
			buildConfigurationList = E37D4FE2274C020C00DC8A6F /* Build configuration list for PBXNativeTarget "GithubAwesomeReposTests" */;
			buildPhases = (
				8CBAC5191EC5AB1B1B76602B /* [CP] Check Pods Manifest.lock */,
				E37D4FC7274C020C00DC8A6F /* Sources */,
				E37D4FC8274C020C00DC8A6F /* Frameworks */,
				E37D4FC9274C020C00DC8A6F /* Resources */,
			);
			buildRules = (
			);
			dependencies = (
				E37D4FCD274C020C00DC8A6F /* PBXTargetDependency */,
			);
			name = GithubAwesomeReposTests;
			productName = GithubAwesomeReposTests;
			productReference = E37D4FCB274C020C00DC8A6F /* GithubAwesomeReposTests.xctest */;
			productType = "com.apple.product-type.bundle.unit-test";
		};
		E37D4FD4274C020C00DC8A6F /* GithubAwesomeReposUITests */ = {
			isa = PBXNativeTarget;
			buildConfigurationList = E37D4FE5274C020C00DC8A6F /* Build configuration list for PBXNativeTarget "GithubAwesomeReposUITests" */;
			buildPhases = (
				B4560591627F652D85919F7A /* [CP] Check Pods Manifest.lock */,
				E37D4FD1274C020C00DC8A6F /* Sources */,
				E37D4FD2274C020C00DC8A6F /* Frameworks */,
				E37D4FD3274C020C00DC8A6F /* Resources */,
				5CAFB891DB83049955FF99BC /* [CP] Embed Pods Frameworks */,
			);
			buildRules = (
			);
			dependencies = (
				E37D4FD7274C020C00DC8A6F /* PBXTargetDependency */,
			);
			name = GithubAwesomeReposUITests;
			productName = GithubAwesomeReposUITests;
			productReference = E37D4FD5274C020C00DC8A6F /* GithubAwesomeReposUITests.xctest */;
			productType = "com.apple.product-type.bundle.ui-testing";
		};
/* End PBXNativeTarget section */

/* Begin PBXProject section */
		E37D4FAA274C020700DC8A6F /* Project object */ = {
			isa = PBXProject;
			attributes = {
				BuildIndependentTargetsInParallel = 1;
				LastSwiftUpdateCheck = 1310;
				LastUpgradeCheck = 1310;
				TargetAttributes = {
					E37D4FB1274C020700DC8A6F = {
						CreatedOnToolsVersion = 13.1;
					};
					E37D4FCA274C020C00DC8A6F = {
						CreatedOnToolsVersion = 13.1;
						LastSwiftMigration = 1310;
						TestTargetID = E37D4FB1274C020700DC8A6F;
					};
					E37D4FD4274C020C00DC8A6F = {
						CreatedOnToolsVersion = 13.1;
						TestTargetID = E37D4FB1274C020700DC8A6F;
					};
				};
			};
			buildConfigurationList = E37D4FAD274C020700DC8A6F /* Build configuration list for PBXProject "GithubAwesomeRepos" */;
			compatibilityVersion = "Xcode 13.0";
			developmentRegion = en;
			hasScannedForEncodings = 0;
			knownRegions = (
				en,
				Base,
			);
			mainGroup = E37D4FA9274C020700DC8A6F;
			productRefGroup = E37D4FB3274C020700DC8A6F /* Products */;
			projectDirPath = "";
			projectRoot = "";
			targets = (
				E37D4FB1274C020700DC8A6F /* GithubAwesomeRepos */,
				E37D4FCA274C020C00DC8A6F /* GithubAwesomeReposTests */,
				E37D4FD4274C020C00DC8A6F /* GithubAwesomeReposUITests */,
			);
		};
/* End PBXProject section */

/* Begin PBXResourcesBuildPhase section */
		E37D4FB0274C020700DC8A6F /* Resources */ = {
			isa = PBXResourcesBuildPhase;
			buildActionMask = 2147483647;
			files = (
				E37D4FC5274C020B00DC8A6F /* LaunchScreen.storyboard in Resources */,
				E37D5032274C5F9C00DC8A6F /* githubLottie.json in Resources */,
				E37D5061274DBCFA00DC8A6F /* BasicDataCollectionViewCell.xib in Resources */,
				E37D4FC2274C020B00DC8A6F /* Assets.xcassets in Resources */,
				E3EF583B274ECCA7003FB534 /* CustomFailScreen.xib in Resources */,
				E37D4FBD274C020700DC8A6F /* Main.storyboard in Resources */,
				E37D503D274C650800DC8A6F /* GithubReposStoryBoard.storyboard in Resources */,
				E37D504C274D5CCF00DC8A6F /* GithubRepoItemTableViewCell.xib in Resources */,
			);
			runOnlyForDeploymentPostprocessing = 0;
		};
		E37D4FC9274C020C00DC8A6F /* Resources */ = {
			isa = PBXResourcesBuildPhase;
			buildActionMask = 2147483647;
			files = (
				E3EF582C274E8EDF003FB534 /* reposStub.json in Resources */,
			);
			runOnlyForDeploymentPostprocessing = 0;
		};
		E37D4FD3274C020C00DC8A6F /* Resources */ = {
			isa = PBXResourcesBuildPhase;
			buildActionMask = 2147483647;
			files = (
			);
			runOnlyForDeploymentPostprocessing = 0;
		};
/* End PBXResourcesBuildPhase section */

/* Begin PBXShellScriptBuildPhase section */
		3D4E53C7645E283D58672DB6 /* [CP] Embed Pods Frameworks */ = {
			isa = PBXShellScriptBuildPhase;
			buildActionMask = 2147483647;
			files = (
			);
			inputFileListPaths = (
				"${PODS_ROOT}/Target Support Files/Pods-GithubAwesomeRepos/Pods-GithubAwesomeRepos-frameworks-${CONFIGURATION}-input-files.xcfilelist",
			);
			name = "[CP] Embed Pods Frameworks";
			outputFileListPaths = (
				"${PODS_ROOT}/Target Support Files/Pods-GithubAwesomeRepos/Pods-GithubAwesomeRepos-frameworks-${CONFIGURATION}-output-files.xcfilelist",
			);
			runOnlyForDeploymentPostprocessing = 0;
			shellPath = /bin/sh;
			shellScript = "\"${PODS_ROOT}/Target Support Files/Pods-GithubAwesomeRepos/Pods-GithubAwesomeRepos-frameworks.sh\"\n";
			showEnvVarsInLog = 0;
		};
		5CAFB891DB83049955FF99BC /* [CP] Embed Pods Frameworks */ = {
			isa = PBXShellScriptBuildPhase;
			buildActionMask = 2147483647;
			files = (
			);
			inputFileListPaths = (
				"${PODS_ROOT}/Target Support Files/Pods-GithubAwesomeRepos-GithubAwesomeReposUITests/Pods-GithubAwesomeRepos-GithubAwesomeReposUITests-frameworks-${CONFIGURATION}-input-files.xcfilelist",
			);
			name = "[CP] Embed Pods Frameworks";
			outputFileListPaths = (
				"${PODS_ROOT}/Target Support Files/Pods-GithubAwesomeRepos-GithubAwesomeReposUITests/Pods-GithubAwesomeRepos-GithubAwesomeReposUITests-frameworks-${CONFIGURATION}-output-files.xcfilelist",
			);
			runOnlyForDeploymentPostprocessing = 0;
			shellPath = /bin/sh;
			shellScript = "\"${PODS_ROOT}/Target Support Files/Pods-GithubAwesomeRepos-GithubAwesomeReposUITests/Pods-GithubAwesomeRepos-GithubAwesomeReposUITests-frameworks.sh\"\n";
			showEnvVarsInLog = 0;
		};
		8CBAC5191EC5AB1B1B76602B /* [CP] Check Pods Manifest.lock */ = {
			isa = PBXShellScriptBuildPhase;
			buildActionMask = 2147483647;
			files = (
			);
			inputFileListPaths = (
			);
			inputPaths = (
				"${PODS_PODFILE_DIR_PATH}/Podfile.lock",
				"${PODS_ROOT}/Manifest.lock",
			);
			name = "[CP] Check Pods Manifest.lock";
			outputFileListPaths = (
			);
			outputPaths = (
				"$(DERIVED_FILE_DIR)/Pods-GithubAwesomeReposTests-checkManifestLockResult.txt",
			);
			runOnlyForDeploymentPostprocessing = 0;
			shellPath = /bin/sh;
			shellScript = "diff \"${PODS_PODFILE_DIR_PATH}/Podfile.lock\" \"${PODS_ROOT}/Manifest.lock\" > /dev/null\nif [ $? != 0 ] ; then\n    # print error to STDERR\n    echo \"error: The sandbox is not in sync with the Podfile.lock. Run 'pod install' or update your CocoaPods installation.\" >&2\n    exit 1\nfi\n# This output is used by Xcode 'outputs' to avoid re-running this script phase.\necho \"SUCCESS\" > \"${SCRIPT_OUTPUT_FILE_0}\"\n";
			showEnvVarsInLog = 0;
		};
		B4560591627F652D85919F7A /* [CP] Check Pods Manifest.lock */ = {
			isa = PBXShellScriptBuildPhase;
			buildActionMask = 2147483647;
			files = (
			);
			inputFileListPaths = (
			);
			inputPaths = (
				"${PODS_PODFILE_DIR_PATH}/Podfile.lock",
				"${PODS_ROOT}/Manifest.lock",
			);
			name = "[CP] Check Pods Manifest.lock";
			outputFileListPaths = (
			);
			outputPaths = (
				"$(DERIVED_FILE_DIR)/Pods-GithubAwesomeRepos-GithubAwesomeReposUITests-checkManifestLockResult.txt",
			);
			runOnlyForDeploymentPostprocessing = 0;
			shellPath = /bin/sh;
			shellScript = "diff \"${PODS_PODFILE_DIR_PATH}/Podfile.lock\" \"${PODS_ROOT}/Manifest.lock\" > /dev/null\nif [ $? != 0 ] ; then\n    # print error to STDERR\n    echo \"error: The sandbox is not in sync with the Podfile.lock. Run 'pod install' or update your CocoaPods installation.\" >&2\n    exit 1\nfi\n# This output is used by Xcode 'outputs' to avoid re-running this script phase.\necho \"SUCCESS\" > \"${SCRIPT_OUTPUT_FILE_0}\"\n";
			showEnvVarsInLog = 0;
		};
		F0B11CB15885186889C674B6 /* [CP] Check Pods Manifest.lock */ = {
			isa = PBXShellScriptBuildPhase;
			buildActionMask = 2147483647;
			files = (
			);
			inputFileListPaths = (
			);
			inputPaths = (
				"${PODS_PODFILE_DIR_PATH}/Podfile.lock",
				"${PODS_ROOT}/Manifest.lock",
			);
			name = "[CP] Check Pods Manifest.lock";
			outputFileListPaths = (
			);
			outputPaths = (
				"$(DERIVED_FILE_DIR)/Pods-GithubAwesomeRepos-checkManifestLockResult.txt",
			);
			runOnlyForDeploymentPostprocessing = 0;
			shellPath = /bin/sh;
			shellScript = "diff \"${PODS_PODFILE_DIR_PATH}/Podfile.lock\" \"${PODS_ROOT}/Manifest.lock\" > /dev/null\nif [ $? != 0 ] ; then\n    # print error to STDERR\n    echo \"error: The sandbox is not in sync with the Podfile.lock. Run 'pod install' or update your CocoaPods installation.\" >&2\n    exit 1\nfi\n# This output is used by Xcode 'outputs' to avoid re-running this script phase.\necho \"SUCCESS\" > \"${SCRIPT_OUTPUT_FILE_0}\"\n";
			showEnvVarsInLog = 0;
		};
/* End PBXShellScriptBuildPhase section */

/* Begin PBXSourcesBuildPhase section */
		E37D4FAE274C020700DC8A6F /* Sources */ = {
			isa = PBXSourcesBuildPhase;
			buildActionMask = 2147483647;
			files = (
				E37D501B274C127500DC8A6F /* APIEnvironmentManager.swift in Sources */,
				E37D5012274C0A3900DC8A6F /* UIViewExt.swift in Sources */,
				E37D5010274C0A2700DC8A6F /* TableViewCellExt.swift in Sources */,
				E37D5054274DAD1000DC8A6F /* HomeNavigation.swift in Sources */,
				E37D4FFB274C094600DC8A6F /* APIComponent.swift in Sources */,
				E37D5023274C1A2E00DC8A6F /* GithubReposUsecaseProtocol.swift in Sources */,
				E37D501E274C196400DC8A6F /* GithubRepoModel.swift in Sources */,
				E37D505A274DB62E00DC8A6F /* GithubRepoDetailsViewModel.swift in Sources */,
				E37D504B274D5CCF00DC8A6F /* GithubRepoItemTableViewCell.swift in Sources */,
				E37D4FF9274C091A00DC8A6F /* NetworkManager.swift in Sources */,
				E37D5063274DC14E00DC8A6F /* CollectionViewCellExt.swift in Sources */,
				E37D504E274D7BD600DC8A6F /* DataListCellViewModel.swift in Sources */,
				E37D4FF5274C08F700DC8A6F /* ColorPalette.swift in Sources */,
				E37D5039274C623D00DC8A6F /* AppStoryBoards.swift in Sources */,
				E3EF583D274ED19B003FB534 /* ViewControllerWithSettings.swift in Sources */,
				E37D5065274DC61D00DC8A6F /* RepoDetailsSectionModel.swift in Sources */,
				E37D502C274C5A7700DC8A6F /* GithubReposListViewModel.swift in Sources */,
				E37D502F274C5DE800DC8A6F /* CustomSplashScreenViewController.swift in Sources */,
				E37D506A274DCFB600DC8A6F /* GithubRepoDetailsUsecase.swift in Sources */,
				E37D5026274C1B0600DC8A6F /* GithubReposUsecase.swift in Sources */,
				E37D503B274C632000DC8A6F /* GithubReposListViewController.swift in Sources */,
				E37D4FC0274C020700DC8A6F /* GithubAwesomeRepos.xcdatamodeld in Sources */,
				E37D5052274D965600DC8A6F /* Design System.swift in Sources */,
				E3EF5822274E6E08003FB534 /* GithubRepoDetailsCollectionView.swift in Sources */,
				E37D5034274C613F00DC8A6F /* UIViewControllerExt.swift in Sources */,
				E37D5019274C110D00DC8A6F /* GithubReposAPIComponents.swift in Sources */,
				E3EF5838274EBF9A003FB534 /* CustomFailScreen.swift in Sources */,
				E37D500C274C09F500DC8A6F /* ImageViewExt.swift in Sources */,
				E37D5037274C619000DC8A6F /* AppNavigationCoordinator.swift in Sources */,
				E37D5040274D57C300DC8A6F /* GithubReposTableView.swift in Sources */,
				E37D5056274DB1E000DC8A6F /* TransitionExt.swift in Sources */,
				E37D505C274DB7F400DC8A6F /* GithubRepoDetailsTableViewController.swift in Sources */,
				E37D5016274C0FBF00DC8A6F /* NetworkReachability.swift in Sources */,
				E37D5068274DCF7400DC8A6F /* GithubRepoDetailsUsecaseProtocol.swift in Sources */,
				E37D4FFE274C097B00DC8A6F /* APIError.swift in Sources */,
				E37D500E274C0A0500DC8A6F /* StringExt.swift in Sources */,
				E37D5060274DBCFA00DC8A6F /* BasicDataCollectionViewCell.swift in Sources */,
				E37D4FB6274C020700DC8A6F /* AppDelegate.swift in Sources */,
				E37D5020274C198900DC8A6F /* GithubOwnerModel.swift in Sources */,
				E37D506C274E3CBB00DC8A6F /* GithubReposSearch.swift in Sources */,
			);
			runOnlyForDeploymentPostprocessing = 0;
		};
		E37D4FC7274C020C00DC8A6F /* Sources */ = {
			isa = PBXSourcesBuildPhase;
			buildActionMask = 2147483647;
			files = (
				E3EF5832274E9DDD003FB534 /* GithubReposListUsecaseMock.swift in Sources */,
				E3EF5836274EA1AE003FB534 /* StubGenerator.swift in Sources */,
				E3EF5834274E9FFD003FB534 /* GithubReposListViewmodelTest.swift in Sources */,
				E3EF582F274E900F003FB534 /* GithubReposListUsecaseTest.swift in Sources */,
			);
			runOnlyForDeploymentPostprocessing = 0;
		};
		E37D4FD1274C020C00DC8A6F /* Sources */ = {
			isa = PBXSourcesBuildPhase;
			buildActionMask = 2147483647;
			files = (
				E37D4FDA274C020C00DC8A6F /* GithubAwesomeReposUITests.swift in Sources */,
				E37D4FDC274C020C00DC8A6F /* GithubAwesomeReposUITestsLaunchTests.swift in Sources */,
			);
			runOnlyForDeploymentPostprocessing = 0;
		};
/* End PBXSourcesBuildPhase section */

/* Begin PBXTargetDependency section */
		E37D4FCD274C020C00DC8A6F /* PBXTargetDependency */ = {
			isa = PBXTargetDependency;
			target = E37D4FB1274C020700DC8A6F /* GithubAwesomeRepos */;
			targetProxy = E37D4FCC274C020C00DC8A6F /* PBXContainerItemProxy */;
		};
		E37D4FD7274C020C00DC8A6F /* PBXTargetDependency */ = {
			isa = PBXTargetDependency;
			target = E37D4FB1274C020700DC8A6F /* GithubAwesomeRepos */;
			targetProxy = E37D4FD6274C020C00DC8A6F /* PBXContainerItemProxy */;
		};
/* End PBXTargetDependency section */

/* Begin PBXVariantGroup section */
		E37D4FBB274C020700DC8A6F /* Main.storyboard */ = {
			isa = PBXVariantGroup;
			children = (
				E37D4FBC274C020700DC8A6F /* Base */,
			);
			name = Main.storyboard;
			sourceTree = "<group>";
		};
		E37D4FC3274C020B00DC8A6F /* LaunchScreen.storyboard */ = {
			isa = PBXVariantGroup;
			children = (
				E37D4FC4274C020B00DC8A6F /* Base */,
			);
			name = LaunchScreen.storyboard;
			sourceTree = "<group>";
		};
/* End PBXVariantGroup section */

/* Begin XCBuildConfiguration section */
		E37D4FDD274C020C00DC8A6F /* Debug */ = {
			isa = XCBuildConfiguration;
			buildSettings = {
				ALWAYS_SEARCH_USER_PATHS = NO;
				CLANG_ANALYZER_NONNULL = YES;
				CLANG_ANALYZER_NUMBER_OBJECT_CONVERSION = YES_AGGRESSIVE;
				CLANG_CXX_LANGUAGE_STANDARD = "gnu++17";
				CLANG_CXX_LIBRARY = "libc++";
				CLANG_ENABLE_MODULES = YES;
				CLANG_ENABLE_OBJC_ARC = YES;
				CLANG_ENABLE_OBJC_WEAK = YES;
				CLANG_WARN_BLOCK_CAPTURE_AUTORELEASING = YES;
				CLANG_WARN_BOOL_CONVERSION = YES;
				CLANG_WARN_COMMA = YES;
				CLANG_WARN_CONSTANT_CONVERSION = YES;
				CLANG_WARN_DEPRECATED_OBJC_IMPLEMENTATIONS = YES;
				CLANG_WARN_DIRECT_OBJC_ISA_USAGE = YES_ERROR;
				CLANG_WARN_DOCUMENTATION_COMMENTS = YES;
				CLANG_WARN_EMPTY_BODY = YES;
				CLANG_WARN_ENUM_CONVERSION = YES;
				CLANG_WARN_INFINITE_RECURSION = YES;
				CLANG_WARN_INT_CONVERSION = YES;
				CLANG_WARN_NON_LITERAL_NULL_CONVERSION = YES;
				CLANG_WARN_OBJC_IMPLICIT_RETAIN_SELF = YES;
				CLANG_WARN_OBJC_LITERAL_CONVERSION = YES;
				CLANG_WARN_OBJC_ROOT_CLASS = YES_ERROR;
				CLANG_WARN_QUOTED_INCLUDE_IN_FRAMEWORK_HEADER = YES;
				CLANG_WARN_RANGE_LOOP_ANALYSIS = YES;
				CLANG_WARN_STRICT_PROTOTYPES = YES;
				CLANG_WARN_SUSPICIOUS_MOVE = YES;
				CLANG_WARN_UNGUARDED_AVAILABILITY = YES_AGGRESSIVE;
				CLANG_WARN_UNREACHABLE_CODE = YES;
				CLANG_WARN__DUPLICATE_METHOD_MATCH = YES;
				COPY_PHASE_STRIP = NO;
				DEBUG_INFORMATION_FORMAT = dwarf;
				ENABLE_STRICT_OBJC_MSGSEND = YES;
				ENABLE_TESTABILITY = YES;
				GCC_C_LANGUAGE_STANDARD = gnu11;
				GCC_DYNAMIC_NO_PIC = NO;
				GCC_NO_COMMON_BLOCKS = YES;
				GCC_OPTIMIZATION_LEVEL = 0;
				GCC_PREPROCESSOR_DEFINITIONS = (
					"DEBUG=1",
					"$(inherited)",
				);
				GCC_WARN_64_TO_32_BIT_CONVERSION = YES;
				GCC_WARN_ABOUT_RETURN_TYPE = YES_ERROR;
				GCC_WARN_UNDECLARED_SELECTOR = YES;
				GCC_WARN_UNINITIALIZED_AUTOS = YES_AGGRESSIVE;
				GCC_WARN_UNUSED_FUNCTION = YES;
				GCC_WARN_UNUSED_VARIABLE = YES;
				IPHONEOS_DEPLOYMENT_TARGET = 13.0;
				MTL_ENABLE_DEBUG_INFO = INCLUDE_SOURCE;
				MTL_FAST_MATH = YES;
				ONLY_ACTIVE_ARCH = YES;
				SDKROOT = iphoneos;
				SWIFT_ACTIVE_COMPILATION_CONDITIONS = DEBUG;
				SWIFT_OPTIMIZATION_LEVEL = "-Onone";
			};
			name = Debug;
		};
		E37D4FDE274C020C00DC8A6F /* Release */ = {
			isa = XCBuildConfiguration;
			buildSettings = {
				ALWAYS_SEARCH_USER_PATHS = NO;
				CLANG_ANALYZER_NONNULL = YES;
				CLANG_ANALYZER_NUMBER_OBJECT_CONVERSION = YES_AGGRESSIVE;
				CLANG_CXX_LANGUAGE_STANDARD = "gnu++17";
				CLANG_CXX_LIBRARY = "libc++";
				CLANG_ENABLE_MODULES = YES;
				CLANG_ENABLE_OBJC_ARC = YES;
				CLANG_ENABLE_OBJC_WEAK = YES;
				CLANG_WARN_BLOCK_CAPTURE_AUTORELEASING = YES;
				CLANG_WARN_BOOL_CONVERSION = YES;
				CLANG_WARN_COMMA = YES;
				CLANG_WARN_CONSTANT_CONVERSION = YES;
				CLANG_WARN_DEPRECATED_OBJC_IMPLEMENTATIONS = YES;
				CLANG_WARN_DIRECT_OBJC_ISA_USAGE = YES_ERROR;
				CLANG_WARN_DOCUMENTATION_COMMENTS = YES;
				CLANG_WARN_EMPTY_BODY = YES;
				CLANG_WARN_ENUM_CONVERSION = YES;
				CLANG_WARN_INFINITE_RECURSION = YES;
				CLANG_WARN_INT_CONVERSION = YES;
				CLANG_WARN_NON_LITERAL_NULL_CONVERSION = YES;
				CLANG_WARN_OBJC_IMPLICIT_RETAIN_SELF = YES;
				CLANG_WARN_OBJC_LITERAL_CONVERSION = YES;
				CLANG_WARN_OBJC_ROOT_CLASS = YES_ERROR;
				CLANG_WARN_QUOTED_INCLUDE_IN_FRAMEWORK_HEADER = YES;
				CLANG_WARN_RANGE_LOOP_ANALYSIS = YES;
				CLANG_WARN_STRICT_PROTOTYPES = YES;
				CLANG_WARN_SUSPICIOUS_MOVE = YES;
				CLANG_WARN_UNGUARDED_AVAILABILITY = YES_AGGRESSIVE;
				CLANG_WARN_UNREACHABLE_CODE = YES;
				CLANG_WARN__DUPLICATE_METHOD_MATCH = YES;
				COPY_PHASE_STRIP = NO;
				DEBUG_INFORMATION_FORMAT = "dwarf-with-dsym";
				ENABLE_NS_ASSERTIONS = NO;
				ENABLE_STRICT_OBJC_MSGSEND = YES;
				GCC_C_LANGUAGE_STANDARD = gnu11;
				GCC_NO_COMMON_BLOCKS = YES;
				GCC_WARN_64_TO_32_BIT_CONVERSION = YES;
				GCC_WARN_ABOUT_RETURN_TYPE = YES_ERROR;
				GCC_WARN_UNDECLARED_SELECTOR = YES;
				GCC_WARN_UNINITIALIZED_AUTOS = YES_AGGRESSIVE;
				GCC_WARN_UNUSED_FUNCTION = YES;
				GCC_WARN_UNUSED_VARIABLE = YES;
				IPHONEOS_DEPLOYMENT_TARGET = 13.0;
				MTL_ENABLE_DEBUG_INFO = NO;
				MTL_FAST_MATH = YES;
				SDKROOT = iphoneos;
				SWIFT_COMPILATION_MODE = wholemodule;
				SWIFT_OPTIMIZATION_LEVEL = "-O";
				VALIDATE_PRODUCT = YES;
			};
			name = Release;
		};
		E37D4FE0274C020C00DC8A6F /* Debug */ = {
			isa = XCBuildConfiguration;
			baseConfigurationReference = E5C80F2CAA93DA6EE2C569C0 /* Pods-GithubAwesomeRepos.debug.xcconfig */;
			buildSettings = {
				ASSETCATALOG_COMPILER_APPICON_NAME = AppIcon;
				ASSETCATALOG_COMPILER_GLOBAL_ACCENT_COLOR_NAME = AccentColor;
				CODE_SIGN_STYLE = Automatic;
				CURRENT_PROJECT_VERSION = 1;
				DEVELOPMENT_TEAM = HQGQ663PG7;
				GENERATE_INFOPLIST_FILE = YES;
				INFOPLIST_FILE = GithubAwesomeRepos/Info.plist;
				INFOPLIST_KEY_UIApplicationSupportsIndirectInputEvents = YES;
				INFOPLIST_KEY_UILaunchStoryboardName = LaunchScreen;
				INFOPLIST_KEY_UIMainStoryboardFile = Main;
				INFOPLIST_KEY_UISupportedInterfaceOrientations_iPad = "UIInterfaceOrientationPortrait UIInterfaceOrientationPortraitUpsideDown UIInterfaceOrientationLandscapeLeft UIInterfaceOrientationLandscapeRight";
				INFOPLIST_KEY_UISupportedInterfaceOrientations_iPhone = "UIInterfaceOrientationPortrait UIInterfaceOrientationLandscapeLeft UIInterfaceOrientationLandscapeRight";
				LD_RUNPATH_SEARCH_PATHS = (
					"$(inherited)",
					"@executable_path/Frameworks",
				);
				MARKETING_VERSION = 1.0;
				PRODUCT_BUNDLE_IDENTIFIER = com.ghadeer.GithubAwesomeRepos;
				PRODUCT_NAME = "$(TARGET_NAME)";
				SWIFT_EMIT_LOC_STRINGS = YES;
				SWIFT_VERSION = 5.0;
				TARGETED_DEVICE_FAMILY = 1;
			};
			name = Debug;
		};
		E37D4FE1274C020C00DC8A6F /* Release */ = {
			isa = XCBuildConfiguration;
			baseConfigurationReference = 6D7BE65FDF0C827141C87D60 /* Pods-GithubAwesomeRepos.release.xcconfig */;
			buildSettings = {
				ASSETCATALOG_COMPILER_APPICON_NAME = AppIcon;
				ASSETCATALOG_COMPILER_GLOBAL_ACCENT_COLOR_NAME = AccentColor;
				CODE_SIGN_STYLE = Automatic;
				CURRENT_PROJECT_VERSION = 1;
				DEVELOPMENT_TEAM = HQGQ663PG7;
				GENERATE_INFOPLIST_FILE = YES;
				INFOPLIST_FILE = GithubAwesomeRepos/Info.plist;
				INFOPLIST_KEY_UIApplicationSupportsIndirectInputEvents = YES;
				INFOPLIST_KEY_UILaunchStoryboardName = LaunchScreen;
				INFOPLIST_KEY_UIMainStoryboardFile = Main;
				INFOPLIST_KEY_UISupportedInterfaceOrientations_iPad = "UIInterfaceOrientationPortrait UIInterfaceOrientationPortraitUpsideDown UIInterfaceOrientationLandscapeLeft UIInterfaceOrientationLandscapeRight";
				INFOPLIST_KEY_UISupportedInterfaceOrientations_iPhone = "UIInterfaceOrientationPortrait UIInterfaceOrientationLandscapeLeft UIInterfaceOrientationLandscapeRight";
				LD_RUNPATH_SEARCH_PATHS = (
					"$(inherited)",
					"@executable_path/Frameworks",
				);
				MARKETING_VERSION = 1.0;
				PRODUCT_BUNDLE_IDENTIFIER = com.ghadeer.GithubAwesomeRepos;
				PRODUCT_NAME = "$(TARGET_NAME)";
				SWIFT_EMIT_LOC_STRINGS = YES;
				SWIFT_VERSION = 5.0;
				TARGETED_DEVICE_FAMILY = 1;
			};
			name = Release;
		};
		E37D4FE3274C020C00DC8A6F /* Debug */ = {
			isa = XCBuildConfiguration;
			baseConfigurationReference = 736770E1A3379326619DE6C3 /* Pods-GithubAwesomeReposTests.debug.xcconfig */;
			buildSettings = {
				ALWAYS_EMBED_SWIFT_STANDARD_LIBRARIES = YES;
				BUNDLE_LOADER = "$(TEST_HOST)";
				CLANG_ENABLE_MODULES = YES;
				CODE_SIGN_STYLE = Automatic;
				CURRENT_PROJECT_VERSION = 1;
				DEVELOPMENT_TEAM = HQGQ663PG7;
				GENERATE_INFOPLIST_FILE = YES;
				IPHONEOS_DEPLOYMENT_TARGET = 15.0;
				LD_RUNPATH_SEARCH_PATHS = (
					"$(inherited)",
					"@executable_path/Frameworks",
					"@loader_path/Frameworks",
				);
				MARKETING_VERSION = 1.0;
				PRODUCT_BUNDLE_IDENTIFIER = com.ghadeer.GithubAwesomeReposTests;
				PRODUCT_NAME = "$(TARGET_NAME)";
				SWIFT_EMIT_LOC_STRINGS = NO;
				SWIFT_OBJC_BRIDGING_HEADER = "GithubAwesomeReposTests/Features unit tests/GithubAwesomeReposTests-Bridging-Header.h";
				SWIFT_OPTIMIZATION_LEVEL = "-Onone";
				SWIFT_VERSION = 5.0;
				TARGETED_DEVICE_FAMILY = "1,2";
				TEST_HOST = "$(BUILT_PRODUCTS_DIR)/GithubAwesomeRepos.app/GithubAwesomeRepos";
			};
			name = Debug;
		};
		E37D4FE4274C020C00DC8A6F /* Release */ = {
			isa = XCBuildConfiguration;
			baseConfigurationReference = 26347878C30A7E7FA67AF368 /* Pods-GithubAwesomeReposTests.release.xcconfig */;
			buildSettings = {
				ALWAYS_EMBED_SWIFT_STANDARD_LIBRARIES = YES;
				BUNDLE_LOADER = "$(TEST_HOST)";
				CLANG_ENABLE_MODULES = YES;
				CODE_SIGN_STYLE = Automatic;
				CURRENT_PROJECT_VERSION = 1;
				DEVELOPMENT_TEAM = HQGQ663PG7;
				GENERATE_INFOPLIST_FILE = YES;
				IPHONEOS_DEPLOYMENT_TARGET = 15.0;
				LD_RUNPATH_SEARCH_PATHS = (
					"$(inherited)",
					"@executable_path/Frameworks",
					"@loader_path/Frameworks",
				);
				MARKETING_VERSION = 1.0;
				PRODUCT_BUNDLE_IDENTIFIER = com.ghadeer.GithubAwesomeReposTests;
				PRODUCT_NAME = "$(TARGET_NAME)";
				SWIFT_EMIT_LOC_STRINGS = NO;
				SWIFT_OBJC_BRIDGING_HEADER = "GithubAwesomeReposTests/Features unit tests/GithubAwesomeReposTests-Bridging-Header.h";
				SWIFT_VERSION = 5.0;
				TARGETED_DEVICE_FAMILY = "1,2";
				TEST_HOST = "$(BUILT_PRODUCTS_DIR)/GithubAwesomeRepos.app/GithubAwesomeRepos";
			};
			name = Release;
		};
		E37D4FE6274C020C00DC8A6F /* Debug */ = {
			isa = XCBuildConfiguration;
			baseConfigurationReference = 05CB9817043103C6D099DA15 /* Pods-GithubAwesomeRepos-GithubAwesomeReposUITests.debug.xcconfig */;
			buildSettings = {
				ALWAYS_EMBED_SWIFT_STANDARD_LIBRARIES = YES;
				CODE_SIGN_STYLE = Automatic;
				CURRENT_PROJECT_VERSION = 1;
				DEVELOPMENT_TEAM = HQGQ663PG7;
				GENERATE_INFOPLIST_FILE = YES;
				LD_RUNPATH_SEARCH_PATHS = (
					"$(inherited)",
					"@executable_path/Frameworks",
					"@loader_path/Frameworks",
				);
				MARKETING_VERSION = 1.0;
				PRODUCT_BUNDLE_IDENTIFIER = com.ghadeer.GithubAwesomeReposUITests;
				PRODUCT_NAME = "$(TARGET_NAME)";
				SWIFT_EMIT_LOC_STRINGS = NO;
				SWIFT_VERSION = 5.0;
				TARGETED_DEVICE_FAMILY = "1,2";
				TEST_TARGET_NAME = GithubAwesomeRepos;
			};
			name = Debug;
		};
		E37D4FE7274C020C00DC8A6F /* Release */ = {
			isa = XCBuildConfiguration;
			baseConfigurationReference = 882895B46CB48C0F531EB877 /* Pods-GithubAwesomeRepos-GithubAwesomeReposUITests.release.xcconfig */;
			buildSettings = {
				ALWAYS_EMBED_SWIFT_STANDARD_LIBRARIES = YES;
				CODE_SIGN_STYLE = Automatic;
				CURRENT_PROJECT_VERSION = 1;
				DEVELOPMENT_TEAM = HQGQ663PG7;
				GENERATE_INFOPLIST_FILE = YES;
				LD_RUNPATH_SEARCH_PATHS = (
					"$(inherited)",
					"@executable_path/Frameworks",
					"@loader_path/Frameworks",
				);
				MARKETING_VERSION = 1.0;
				PRODUCT_BUNDLE_IDENTIFIER = com.ghadeer.GithubAwesomeReposUITests;
				PRODUCT_NAME = "$(TARGET_NAME)";
				SWIFT_EMIT_LOC_STRINGS = NO;
				SWIFT_VERSION = 5.0;
				TARGETED_DEVICE_FAMILY = "1,2";
				TEST_TARGET_NAME = GithubAwesomeRepos;
			};
			name = Release;
		};
/* End XCBuildConfiguration section */

/* Begin XCConfigurationList section */
		E37D4FAD274C020700DC8A6F /* Build configuration list for PBXProject "GithubAwesomeRepos" */ = {
			isa = XCConfigurationList;
			buildConfigurations = (
				E37D4FDD274C020C00DC8A6F /* Debug */,
				E37D4FDE274C020C00DC8A6F /* Release */,
			);
			defaultConfigurationIsVisible = 0;
			defaultConfigurationName = Release;
		};
		E37D4FDF274C020C00DC8A6F /* Build configuration list for PBXNativeTarget "GithubAwesomeRepos" */ = {
			isa = XCConfigurationList;
			buildConfigurations = (
				E37D4FE0274C020C00DC8A6F /* Debug */,
				E37D4FE1274C020C00DC8A6F /* Release */,
			);
			defaultConfigurationIsVisible = 0;
			defaultConfigurationName = Release;
		};
		E37D4FE2274C020C00DC8A6F /* Build configuration list for PBXNativeTarget "GithubAwesomeReposTests" */ = {
			isa = XCConfigurationList;
			buildConfigurations = (
				E37D4FE3274C020C00DC8A6F /* Debug */,
				E37D4FE4274C020C00DC8A6F /* Release */,
			);
			defaultConfigurationIsVisible = 0;
			defaultConfigurationName = Release;
		};
		E37D4FE5274C020C00DC8A6F /* Build configuration list for PBXNativeTarget "GithubAwesomeReposUITests" */ = {
			isa = XCConfigurationList;
			buildConfigurations = (
				E37D4FE6274C020C00DC8A6F /* Debug */,
				E37D4FE7274C020C00DC8A6F /* Release */,
			);
			defaultConfigurationIsVisible = 0;
			defaultConfigurationName = Release;
		};
/* End XCConfigurationList section */

/* Begin XCVersionGroup section */
		E37D4FBE274C020700DC8A6F /* GithubAwesomeRepos.xcdatamodeld */ = {
			isa = XCVersionGroup;
			children = (
				E37D4FBF274C020700DC8A6F /* GithubAwesomeRepos.xcdatamodel */,
			);
			currentVersion = E37D4FBF274C020700DC8A6F /* GithubAwesomeRepos.xcdatamodel */;
			path = GithubAwesomeRepos.xcdatamodeld;
			sourceTree = "<group>";
			versionGroupType = wrapper.xcdatamodel;
		};
/* End XCVersionGroup section */
	};
	rootObject = E37D4FAA274C020700DC8A6F /* Project object */;
}
